// !$*UTF8*$!
{
	archiveVersion = 1;
	classes = {
	};
	objectVersion = 50;
	objects = {

/* Begin PBXBuildFile section */
		7CA494F523E455EA00ADDE05 /* AppDelegate.swift in Sources */ = {isa = PBXBuildFile; fileRef = 7CA494F423E455EA00ADDE05 /* AppDelegate.swift */; };
		7CA494F723E455EA00ADDE05 /* SceneDelegate.swift in Sources */ = {isa = PBXBuildFile; fileRef = 7CA494F623E455EA00ADDE05 /* SceneDelegate.swift */; };
		7CA494FC23E455EA00ADDE05 /* Main.storyboard in Resources */ = {isa = PBXBuildFile; fileRef = 7CA494FA23E455EA00ADDE05 /* Main.storyboard */; };
		7CA494FE23E455F000ADDE05 /* Assets.xcassets in Resources */ = {isa = PBXBuildFile; fileRef = 7CA494FD23E455F000ADDE05 /* Assets.xcassets */; };
		7CA4950123E455F000ADDE05 /* LaunchScreen.storyboard in Resources */ = {isa = PBXBuildFile; fileRef = 7CA494FF23E455F000ADDE05 /* LaunchScreen.storyboard */; };
		7CE3962B247E5CC800EF5FBD /* ValidationManager.swift in Sources */ = {isa = PBXBuildFile; fileRef = 7CE3962A247E5CC800EF5FBD /* ValidationManager.swift */; };
		7CE3962E247E76DF00EF5FBD /* ValidatableTextField.swift in Sources */ = {isa = PBXBuildFile; fileRef = 7CE3962D247E76DF00EF5FBD /* ValidatableTextField.swift */; };
		7CE39630247E781B00EF5FBD /* VerificationUtil.swift in Sources */ = {isa = PBXBuildFile; fileRef = 7CE3962F247E781B00EF5FBD /* VerificationUtil.swift */; };
		7CE39632247E788000EF5FBD /* UIExtension.swift in Sources */ = {isa = PBXBuildFile; fileRef = 7CE39631247E788000EF5FBD /* UIExtension.swift */; };
		7CE39634247E7D4000EF5FBD /* ViewController.swift in Sources */ = {isa = PBXBuildFile; fileRef = 7CE39633247E7D4000EF5FBD /* ViewController.swift */; };
/* End PBXBuildFile section */

/* Begin PBXFileReference section */
		7CA494F123E455EA00ADDE05 /* TestProject.app */ = {isa = PBXFileReference; explicitFileType = wrapper.application; includeInIndex = 0; path = TestProject.app; sourceTree = BUILT_PRODUCTS_DIR; };
		7CA494F423E455EA00ADDE05 /* AppDelegate.swift */ = {isa = PBXFileReference; lastKnownFileType = sourcecode.swift; path = AppDelegate.swift; sourceTree = "<group>"; };
		7CA494F623E455EA00ADDE05 /* SceneDelegate.swift */ = {isa = PBXFileReference; lastKnownFileType = sourcecode.swift; path = SceneDelegate.swift; sourceTree = "<group>"; };
		7CA494FB23E455EA00ADDE05 /* Base */ = {isa = PBXFileReference; lastKnownFileType = file.storyboard; name = Base; path = Base.lproj/Main.storyboard; sourceTree = "<group>"; };
		7CA494FD23E455F000ADDE05 /* Assets.xcassets */ = {isa = PBXFileReference; lastKnownFileType = folder.assetcatalog; path = Assets.xcassets; sourceTree = "<group>"; };
		7CA4950023E455F000ADDE05 /* Base */ = {isa = PBXFileReference; lastKnownFileType = file.storyboard; name = Base; path = Base.lproj/LaunchScreen.storyboard; sourceTree = "<group>"; };
		7CA4950223E455F000ADDE05 /* Info.plist */ = {isa = PBXFileReference; lastKnownFileType = text.plist.xml; path = Info.plist; sourceTree = "<group>"; };
		7CE3962A247E5CC800EF5FBD /* ValidationManager.swift */ = {isa = PBXFileReference; lastKnownFileType = sourcecode.swift; path = ValidationManager.swift; sourceTree = "<group>"; };
		7CE3962D247E76DF00EF5FBD /* ValidatableTextField.swift */ = {isa = PBXFileReference; lastKnownFileType = sourcecode.swift; path = ValidatableTextField.swift; sourceTree = "<group>"; };
		7CE3962F247E781B00EF5FBD /* VerificationUtil.swift */ = {isa = PBXFileReference; lastKnownFileType = sourcecode.swift; path = VerificationUtil.swift; sourceTree = "<group>"; };
		7CE39631247E788000EF5FBD /* UIExtension.swift */ = {isa = PBXFileReference; lastKnownFileType = sourcecode.swift; path = UIExtension.swift; sourceTree = "<group>"; };
		7CE39633247E7D4000EF5FBD /* ViewController.swift */ = {isa = PBXFileReference; fileEncoding = 4; lastKnownFileType = sourcecode.swift; path = ViewController.swift; sourceTree = "<group>"; };
/* End PBXFileReference section */

/* Begin PBXFrameworksBuildPhase section */
		7CA494EE23E455EA00ADDE05 /* Frameworks */ = {
			isa = PBXFrameworksBuildPhase;
			buildActionMask = 2147483647;
			files = (
			);
			runOnlyForDeploymentPostprocessing = 0;
		};
/* End PBXFrameworksBuildPhase section */

/* Begin PBXGroup section */
		7CA494E823E455EA00ADDE05 = {
			isa = PBXGroup;
			children = (
				7CA494F323E455EA00ADDE05 /* TestProject */,
				7CA494F223E455EA00ADDE05 /* Products */,
			);
			sourceTree = "<group>";
		};
		7CA494F223E455EA00ADDE05 /* Products */ = {
			isa = PBXGroup;
			children = (
				7CA494F123E455EA00ADDE05 /* TestProject.app */,
			);
			name = Products;
			sourceTree = "<group>";
		};
		7CA494F323E455EA00ADDE05 /* TestProject */ = {
			isa = PBXGroup;
			children = (
				7CE00E7E247ED58600E9D5AA /* Util */,
				7CE3962C247E76B100EF5FBD /* View */,
				7CE39629247E4D6400EF5FBD /* Controller */,
				7CA494F423E455EA00ADDE05 /* AppDelegate.swift */,
				7CA494F623E455EA00ADDE05 /* SceneDelegate.swift */,
				7CA494FA23E455EA00ADDE05 /* Main.storyboard */,
				7CA494FD23E455F000ADDE05 /* Assets.xcassets */,
				7CA494FF23E455F000ADDE05 /* LaunchScreen.storyboard */,
				7CA4950223E455F000ADDE05 /* Info.plist */,
			);
			path = TestProject;
			sourceTree = "<group>";
		};
		7CE00E7E247ED58600E9D5AA /* Util */ = {
			isa = PBXGroup;
			children = (
				7CE3962F247E781B00EF5FBD /* VerificationUtil.swift */,
			);
			path = Util;
			sourceTree = "<group>";
		};
		7CE39629247E4D6400EF5FBD /* Controller */ = {
			isa = PBXGroup;
			children = (
				7CE39633247E7D4000EF5FBD /* ViewController.swift */,
				7CE3962A247E5CC800EF5FBD /* ValidationManager.swift */,
			);
			path = Controller;
			sourceTree = "<group>";
		};
		7CE3962C247E76B100EF5FBD /* View */ = {
			isa = PBXGroup;
			children = (
				7CE3962D247E76DF00EF5FBD /* ValidatableTextField.swift */,
				7CE39631247E788000EF5FBD /* UIExtension.swift */,
			);
			path = View;
			sourceTree = "<group>";
		};
/* End PBXGroup section */

/* Begin PBXNativeTarget section */
		7CA494F023E455EA00ADDE05 /* TestProject */ = {
			isa = PBXNativeTarget;
			buildConfigurationList = 7CA4950523E455F000ADDE05 /* Build configuration list for PBXNativeTarget "TestProject" */;
			buildPhases = (
				7CA494ED23E455EA00ADDE05 /* Sources */,
				7CA494EE23E455EA00ADDE05 /* Frameworks */,
				7CA494EF23E455EA00ADDE05 /* Resources */,
			);
			buildRules = (
			);
			dependencies = (
			);
			name = TestProject;
			productName = TestProject;
			productReference = 7CA494F123E455EA00ADDE05 /* TestProject.app */;
			productType = "com.apple.product-type.application";
		};
/* End PBXNativeTarget section */

/* Begin PBXProject section */
		7CA494E923E455EA00ADDE05 /* Project object */ = {
			isa = PBXProject;
			attributes = {
				LastSwiftUpdateCheck = 1130;
				LastUpgradeCheck = 1130;
				ORGANIZATIONNAME = Oleg;
				TargetAttributes = {
					7CA494F023E455EA00ADDE05 = {
						CreatedOnToolsVersion = 11.3.1;
					};
				};
			};
			buildConfigurationList = 7CA494EC23E455EA00ADDE05 /* Build configuration list for PBXProject "TestProject" */;
			compatibilityVersion = "Xcode 9.3";
			developmentRegion = en;
			hasScannedForEncodings = 0;
			knownRegions = (
				en,
				Base,
			);
			mainGroup = 7CA494E823E455EA00ADDE05;
			productRefGroup = 7CA494F223E455EA00ADDE05 /* Products */;
			projectDirPath = "";
			projectRoot = "";
			targets = (
				7CA494F023E455EA00ADDE05 /* TestProject */,
			);
		};
/* End PBXProject section */

/* Begin PBXResourcesBuildPhase section */
		7CA494EF23E455EA00ADDE05 /* Resources */ = {
			isa = PBXResourcesBuildPhase;
			buildActionMask = 2147483647;
			files = (
				7CA4950123E455F000ADDE05 /* LaunchScreen.storyboard in Resources */,
				7CA494FE23E455F000ADDE05 /* Assets.xcassets in Resources */,
				7CA494FC23E455EA00ADDE05 /* Main.storyboard in Resources */,
			);
			runOnlyForDeploymentPostprocessing = 0;
		};
/* End PBXResourcesBuildPhase section */

/* Begin PBXSourcesBuildPhase section */
		7CA494ED23E455EA00ADDE05 /* Sources */ = {
			isa = PBXSourcesBuildPhase;
			buildActionMask = 2147483647;
			files = (
				7CE3962B247E5CC800EF5FBD /* ValidationManager.swift in Sources */,
				7CE39630247E781B00EF5FBD /* VerificationUtil.swift in Sources */,
				7CE39632247E788000EF5FBD /* UIExtension.swift in Sources */,
				7CE3962E247E76DF00EF5FBD /* ValidatableTextField.swift in Sources */,
				7CE39634247E7D4000EF5FBD /* ViewController.swift in Sources */,
				7CA494F523E455EA00ADDE05 /* AppDelegate.swift in Sources */,
				7CA494F723E455EA00ADDE05 /* SceneDelegate.swift in Sources */,
			);
			runOnlyForDeploymentPostprocessing = 0;
		};
/* End PBXSourcesBuildPhase section */

/* Begin PBXVariantGroup section */
		7CA494FA23E455EA00ADDE05 /* Main.storyboard */ = {
			isa = PBXVariantGroup;
			children = (
				7CA494FB23E455EA00ADDE05 /* Base */,
			);
			name = Main.storyboard;
			sourceTree = "<group>";
		};
		7CA494FF23E455F000ADDE05 /* LaunchScreen.storyboard */ = {
			isa = PBXVariantGroup;
			children = (
				7CA4950023E455F000ADDE05 /* Base */,
			);
			name = LaunchScreen.storyboard;
			sourceTree = "<group>";
		};
/* End PBXVariantGroup section */

/* Begin XCBuildConfiguration section */
		7CA4950323E455F000ADDE05 /* Debug */ = {
			isa = XCBuildConfiguration;
			buildSettings = {
				ALWAYS_SEARCH_USER_PATHS = NO;
				CLANG_ANALYZER_NONNULL = YES;
				CLANG_ANALYZER_NUMBER_OBJECT_CONVERSION = YES_AGGRESSIVE;
				CLANG_CXX_LANGUAGE_STANDARD = "gnu++14";
				CLANG_CXX_LIBRARY = "libc++";
				CLANG_ENABLE_MODULES = YES;
				CLANG_ENABLE_OBJC_ARC = YES;
				CLANG_ENABLE_OBJC_WEAK = YES;
				CLANG_WARN_BLOCK_CAPTURE_AUTORELEASING = YES;
				CLANG_WARN_BOOL_CONVERSION = YES;
				CLANG_WARN_COMMA = YES;
				CLANG_WARN_CONSTANT_CONVERSION = YES;
				CLANG_WARN_DEPRECATED_OBJC_IMPLEMENTATIONS = YES;
				CLANG_WARN_DIRECT_OBJC_ISA_USAGE = YES_ERROR;
				CLANG_WARN_DOCUMENTATION_COMMENTS = YES;
				CLANG_WARN_EMPTY_BODY = YES;
				CLANG_WARN_ENUM_CONVERSION = YES;
				CLANG_WARN_INFINITE_RECURSION = YES;
				CLANG_WARN_INT_CONVERSION = YES;
				CLANG_WARN_NON_LITERAL_NULL_CONVERSION = YES;
				CLANG_WARN_OBJC_IMPLICIT_RETAIN_SELF = YES;
				CLANG_WARN_OBJC_LITERAL_CONVERSION = YES;
				CLANG_WARN_OBJC_ROOT_CLASS = YES_ERROR;
				CLANG_WARN_RANGE_LOOP_ANALYSIS = YES;
				CLANG_WARN_STRICT_PROTOTYPES = YES;
				CLANG_WARN_SUSPICIOUS_MOVE = YES;
				CLANG_WARN_UNGUARDED_AVAILABILITY = YES_AGGRESSIVE;
				CLANG_WARN_UNREACHABLE_CODE = YES;
				CLANG_WARN__DUPLICATE_METHOD_MATCH = YES;
				COPY_PHASE_STRIP = NO;
				DEBUG_INFORMATION_FORMAT = dwarf;
				ENABLE_STRICT_OBJC_MSGSEND = YES;
				ENABLE_TESTABILITY = YES;
				GCC_C_LANGUAGE_STANDARD = gnu11;
				GCC_DYNAMIC_NO_PIC = NO;
				GCC_NO_COMMON_BLOCKS = YES;
				GCC_OPTIMIZATION_LEVEL = 0;
				GCC_PREPROCESSOR_DEFINITIONS = (
					"DEBUG=1",
					"$(inherited)",
				);
				GCC_WARN_64_TO_32_BIT_CONVERSION = YES;
				GCC_WARN_ABOUT_RETURN_TYPE = YES_ERROR;
				GCC_WARN_UNDECLARED_SELECTOR = YES;
				GCC_WARN_UNINITIALIZED_AUTOS = YES_AGGRESSIVE;
				GCC_WARN_UNUSED_FUNCTION = YES;
				GCC_WARN_UNUSED_VARIABLE = YES;
				IPHONEOS_DEPLOYMENT_TARGET = 13.2;
				MTL_ENABLE_DEBUG_INFO = INCLUDE_SOURCE;
				MTL_FAST_MATH = YES;
				ONLY_ACTIVE_ARCH = YES;
				SDKROOT = iphoneos;
				SWIFT_ACTIVE_COMPILATION_CONDITIONS = DEBUG;
				SWIFT_OPTIMIZATION_LEVEL = "-Onone";
			};
			name = Debug;
		};
		7CA4950423E455F000ADDE05 /* Release */ = {
			isa = XCBuildConfiguration;
			buildSettings = {
				ALWAYS_SEARCH_USER_PATHS = NO;
				CLANG_ANALYZER_NONNULL = YES;
				CLANG_ANALYZER_NUMBER_OBJECT_CONVERSION = YES_AGGRESSIVE;
				CLANG_CXX_LANGUAGE_STANDARD = "gnu++14";
				CLANG_CXX_LIBRARY = "libc++";
				CLANG_ENABLE_MODULES = YES;
				CLANG_ENABLE_OBJC_ARC = YES;
				CLANG_ENABLE_OBJC_WEAK = YES;
				CLANG_WARN_BLOCK_CAPTURE_AUTORELEASING = YES;
				CLANG_WARN_BOOL_CONVERSION = YES;
				CLANG_WARN_COMMA = YES;
				CLANG_WARN_CONSTANT_CONVERSION = YES;
				CLANG_WARN_DEPRECATED_OBJC_IMPLEMENTATIONS = YES;
				CLANG_WARN_DIRECT_OBJC_ISA_USAGE = YES_ERROR;
				CLANG_WARN_DOCUMENTATION_COMMENTS = YES;
				CLANG_WARN_EMPTY_BODY = YES;
				CLANG_WARN_ENUM_CONVERSION = YES;
				CLANG_WARN_INFINITE_RECURSION = YES;
				CLANG_WARN_INT_CONVERSION = YES;
				CLANG_WARN_NON_LITERAL_NULL_CONVERSION = YES;
				CLANG_WARN_OBJC_IMPLICIT_RETAIN_SELF = YES;
				CLANG_WARN_OBJC_LITERAL_CONVERSION = YES;
				CLANG_WARN_OBJC_ROOT_CLASS = YES_ERROR;
				CLANG_WARN_RANGE_LOOP_ANALYSIS = YES;
				CLANG_WARN_STRICT_PROTOTYPES = YES;
				CLANG_WARN_SUSPICIOUS_MOVE = YES;
				CLANG_WARN_UNGUARDED_AVAILABILITY = YES_AGGRESSIVE;
				CLANG_WARN_UNREACHABLE_CODE = YES;
				CLANG_WARN__DUPLICATE_METHOD_MATCH = YES;
				COPY_PHASE_STRIP = NO;
				DEBUG_INFORMATION_FORMAT = "dwarf-with-dsym";
				ENABLE_NS_ASSERTIONS = NO;
				ENABLE_STRICT_OBJC_MSGSEND = YES;
				GCC_C_LANGUAGE_STANDARD = gnu11;
				GCC_NO_COMMON_BLOCKS = YES;
				GCC_WARN_64_TO_32_BIT_CONVERSION = YES;
				GCC_WARN_ABOUT_RETURN_TYPE = YES_ERROR;
				GCC_WARN_UNDECLARED_SELECTOR = YES;
				GCC_WARN_UNINITIALIZED_AUTOS = YES_AGGRESSIVE;
				GCC_WARN_UNUSED_FUNCTION = YES;
				GCC_WARN_UNUSED_VARIABLE = YES;
				IPHONEOS_DEPLOYMENT_TARGET = 13.2;
				MTL_ENABLE_DEBUG_INFO = NO;
				MTL_FAST_MATH = YES;
				SDKROOT = iphoneos;
				SWIFT_COMPILATION_MODE = wholemodule;
				SWIFT_OPTIMIZATION_LEVEL = "-O";
				VALIDATE_PRODUCT = YES;
			};
			name = Release;
		};
		7CA4950623E455F000ADDE05 /* Debug */ = {
			isa = XCBuildConfiguration;
			buildSettings = {
				ASSETCATALOG_COMPILER_APPICON_NAME = AppIcon;
				CODE_SIGN_STYLE = Automatic;
				DEVELOPMENT_TEAM = X39A8PR64W;
				INFOPLIST_FILE = TestProject/Info.plist;
				LD_RUNPATH_SEARCH_PATHS = (
					"$(inherited)",
					"@executable_path/Frameworks",
				);
				PRODUCT_BUNDLE_IDENTIFIER = thrive.TestProject;
				PRODUCT_NAME = "$(TARGET_NAME)";
				SWIFT_VERSION = 5.0;
				TARGETED_DEVICE_FAMILY = "1,2";
			};
			name = Debug;
		};
		7CA4950723E455F000ADDE05 /* Release */ = {
			isa = XCBuildConfiguration;
			buildSettings = {
				ASSETCATALOG_COMPILER_APPICON_NAME = AppIcon;
				CODE_SIGN_STYLE = Automatic;
				DEVELOPMENT_TEAM = X39A8PR64W;
				INFOPLIST_FILE = TestProject/Info.plist;
				LD_RUNPATH_SEARCH_PATHS = (
					"$(inherited)",
					"@executable_path/Frameworks",
				);
				PRODUCT_BUNDLE_IDENTIFIER = thrive.TestProject;
				PRODUCT_NAME = "$(TARGET_NAME)";
				SWIFT_VERSION = 5.0;
				TARGETED_DEVICE_FAMILY = "1,2";
			};
			name = Release;
		};
/* End XCBuildConfiguration section */

/* Begin XCConfigurationList section */
		7CA494EC23E455EA00ADDE05 /* Build configuration list for PBXProject "TestProject" */ = {
			isa = XCConfigurationList;
			buildConfigurations = (
				7CA4950323E455F000ADDE05 /* Debug */,
				7CA4950423E455F000ADDE05 /* Release */,
			);
			defaultConfigurationIsVisible = 0;
			defaultConfigurationName = Release;
		};
		7CA4950523E455F000ADDE05 /* Build configuration list for PBXNativeTarget "TestProject" */ = {
			isa = XCConfigurationList;
			buildConfigurations = (
				7CA4950623E455F000ADDE05 /* Debug */,
				7CA4950723E455F000ADDE05 /* Release */,
			);
			defaultConfigurationIsVisible = 0;
			defaultConfigurationName = Release;
		};
/* End XCConfigurationList section */
	};
	rootObject = 7CA494E923E455EA00ADDE05 /* Project object */;
}
